
Microsoft Visual Studio Solution File, Format Version 12.00
# Visual Studio Version 17
VisualStudioVersion = 17.0.31903.59
MinimumVisualStudioVersion = 10.0.40219.1
Project("{2150E333-8FDC-42A3-9474-1A3956D46DE8}") = "src", "src", "{827E0CD3-B72D-47B6-A68D-7590B98EB39B}"
EndProject
Project("{FAE04EC0-301F-11D3-BF4B-00C04F79EFBC}") = "OpenChat.AppHost", "src\OpenChat.AppHost\OpenChat.AppHost.csproj", "{64873E62-AB8F-49EE-8A92-16A7B3F5DC04}"
EndProject
Project("{FAE04EC0-301F-11D3-BF4B-00C04F79EFBC}") = "OpenChat.ServiceDefaults", "src\OpenChat.ServiceDefaults\OpenChat.ServiceDefaults.csproj", "{DEF8884C-0D72-473F-9EA0-74184FF411C8}"
EndProject
Project("{FAE04EC0-301F-11D3-BF4B-00C04F79EFBC}") = "OpenChat.ApiApp", "src\OpenChat.ApiApp\OpenChat.ApiApp.csproj", "{89AF21A7-8609-4ED6-BD97-8CC2DC59E56B}"
EndProject
Project("{FAE04EC0-301F-11D3-BF4B-00C04F79EFBC}") = "OpenChat.PlaygroundApp", "src\OpenChat.PlaygroundApp\OpenChat.PlaygroundApp.csproj", "{07A19451-75C4-4C78-A858-79C809384F14}"
EndProject
Project("{2150E333-8FDC-42A3-9474-1A3956D46DE8}") = "test", "test", "{0C88DD14-F956-CE84-757C-A364CCF449FC}"
EndProject
Project("{FAE04EC0-301F-11D3-BF4B-00C04F79EFBC}") = "OpenChat.AppHost.Tests", "test\OpenChat.AppHost.Tests\OpenChat.AppHost.Tests.csproj", "{0C6FB8B5-79D7-4025-8437-72CEDD3FC298}"
EndProject
Project("{FAE04EC0-301F-11D3-BF4B-00C04F79EFBC}") = "OpenChat.ApiApp.Tests", "test\OpenChat.ApiApp.Tests\OpenChat.ApiApp.Tests.csproj", "{186FAC6C-84CD-4136-BF39-F9471863D551}"
EndProject
Project("{FAE04EC0-301F-11D3-BF4B-00C04F79EFBC}") = "OpenChat.PlaygroundApp.Tests", "test\OpenChat.PlaygroundApp.Tests\OpenChat.PlaygroundApp.Tests.csproj", "{9BAF42EF-7F26-45DF-B9AF-C61A1E31DE6B}"
EndProject
Global
	GlobalSection(SolutionConfigurationPlatforms) = preSolution
		Debug|Any CPU = Debug|Any CPU
		Debug|x64 = Debug|x64
		Debug|x86 = Debug|x86
		Release|Any CPU = Release|Any CPU
		Release|x64 = Release|x64
		Release|x86 = Release|x86
	EndGlobalSection
	GlobalSection(ProjectConfigurationPlatforms) = postSolution
		{64873E62-AB8F-49EE-8A92-16A7B3F5DC04}.Debug|Any CPU.ActiveCfg = Debug|Any CPU
		{64873E62-AB8F-49EE-8A92-16A7B3F5DC04}.Debug|Any CPU.Build.0 = Debug|Any CPU
		{64873E62-AB8F-49EE-8A92-16A7B3F5DC04}.Debug|x64.ActiveCfg = Debug|Any CPU
		{64873E62-AB8F-49EE-8A92-16A7B3F5DC04}.Debug|x64.Build.0 = Debug|Any CPU
		{64873E62-AB8F-49EE-8A92-16A7B3F5DC04}.Debug|x86.ActiveCfg = Debug|Any CPU
		{64873E62-AB8F-49EE-8A92-16A7B3F5DC04}.Debug|x86.Build.0 = Debug|Any CPU
		{64873E62-AB8F-49EE-8A92-16A7B3F5DC04}.Release|Any CPU.ActiveCfg = Release|Any CPU
		{64873E62-AB8F-49EE-8A92-16A7B3F5DC04}.Release|Any CPU.Build.0 = Release|Any CPU
		{64873E62-AB8F-49EE-8A92-16A7B3F5DC04}.Release|x64.ActiveCfg = Release|Any CPU
		{64873E62-AB8F-49EE-8A92-16A7B3F5DC04}.Release|x64.Build.0 = Release|Any CPU
		{64873E62-AB8F-49EE-8A92-16A7B3F5DC04}.Release|x86.ActiveCfg = Release|Any CPU
		{64873E62-AB8F-49EE-8A92-16A7B3F5DC04}.Release|x86.Build.0 = Release|Any CPU
		{DEF8884C-0D72-473F-9EA0-74184FF411C8}.Debug|Any CPU.ActiveCfg = Debug|Any CPU
		{DEF8884C-0D72-473F-9EA0-74184FF411C8}.Debug|Any CPU.Build.0 = Debug|Any CPU
		{DEF8884C-0D72-473F-9EA0-74184FF411C8}.Debug|x64.ActiveCfg = Debug|Any CPU
		{DEF8884C-0D72-473F-9EA0-74184FF411C8}.Debug|x64.Build.0 = Debug|Any CPU
		{DEF8884C-0D72-473F-9EA0-74184FF411C8}.Debug|x86.ActiveCfg = Debug|Any CPU
		{DEF8884C-0D72-473F-9EA0-74184FF411C8}.Debug|x86.Build.0 = Debug|Any CPU
		{DEF8884C-0D72-473F-9EA0-74184FF411C8}.Release|Any CPU.ActiveCfg = Release|Any CPU
		{DEF8884C-0D72-473F-9EA0-74184FF411C8}.Release|Any CPU.Build.0 = Release|Any CPU
		{DEF8884C-0D72-473F-9EA0-74184FF411C8}.Release|x64.ActiveCfg = Release|Any CPU
		{DEF8884C-0D72-473F-9EA0-74184FF411C8}.Release|x64.Build.0 = Release|Any CPU
		{DEF8884C-0D72-473F-9EA0-74184FF411C8}.Release|x86.ActiveCfg = Release|Any CPU
		{DEF8884C-0D72-473F-9EA0-74184FF411C8}.Release|x86.Build.0 = Release|Any CPU
		{89AF21A7-8609-4ED6-BD97-8CC2DC59E56B}.Debug|Any CPU.ActiveCfg = Debug|Any CPU
		{89AF21A7-8609-4ED6-BD97-8CC2DC59E56B}.Debug|Any CPU.Build.0 = Debug|Any CPU
		{89AF21A7-8609-4ED6-BD97-8CC2DC59E56B}.Debug|x64.ActiveCfg = Debug|Any CPU
		{89AF21A7-8609-4ED6-BD97-8CC2DC59E56B}.Debug|x64.Build.0 = Debug|Any CPU
		{89AF21A7-8609-4ED6-BD97-8CC2DC59E56B}.Debug|x86.ActiveCfg = Debug|Any CPU
		{89AF21A7-8609-4ED6-BD97-8CC2DC59E56B}.Debug|x86.Build.0 = Debug|Any CPU
		{89AF21A7-8609-4ED6-BD97-8CC2DC59E56B}.Release|Any CPU.ActiveCfg = Release|Any CPU
		{89AF21A7-8609-4ED6-BD97-8CC2DC59E56B}.Release|Any CPU.Build.0 = Release|Any CPU
		{89AF21A7-8609-4ED6-BD97-8CC2DC59E56B}.Release|x64.ActiveCfg = Release|Any CPU
		{89AF21A7-8609-4ED6-BD97-8CC2DC59E56B}.Release|x64.Build.0 = Release|Any CPU
		{89AF21A7-8609-4ED6-BD97-8CC2DC59E56B}.Release|x86.ActiveCfg = Release|Any CPU
		{89AF21A7-8609-4ED6-BD97-8CC2DC59E56B}.Release|x86.Build.0 = Release|Any CPU
		{07A19451-75C4-4C78-A858-79C809384F14}.Debug|Any CPU.ActiveCfg = Debug|Any CPU
		{07A19451-75C4-4C78-A858-79C809384F14}.Debug|Any CPU.Build.0 = Debug|Any CPU
		{07A19451-75C4-4C78-A858-79C809384F14}.Debug|x64.ActiveCfg = Debug|Any CPU
		{07A19451-75C4-4C78-A858-79C809384F14}.Debug|x64.Build.0 = Debug|Any CPU
		{07A19451-75C4-4C78-A858-79C809384F14}.Debug|x86.ActiveCfg = Debug|Any CPU
		{07A19451-75C4-4C78-A858-79C809384F14}.Debug|x86.Build.0 = Debug|Any CPU
		{07A19451-75C4-4C78-A858-79C809384F14}.Release|Any CPU.ActiveCfg = Release|Any CPU
		{07A19451-75C4-4C78-A858-79C809384F14}.Release|Any CPU.Build.0 = Release|Any CPU
		{07A19451-75C4-4C78-A858-79C809384F14}.Release|x64.ActiveCfg = Release|Any CPU
		{07A19451-75C4-4C78-A858-79C809384F14}.Release|x64.Build.0 = Release|Any CPU
		{07A19451-75C4-4C78-A858-79C809384F14}.Release|x86.ActiveCfg = Release|Any CPU
		{07A19451-75C4-4C78-A858-79C809384F14}.Release|x86.Build.0 = Release|Any CPU
		{0C6FB8B5-79D7-4025-8437-72CEDD3FC298}.Debug|Any CPU.ActiveCfg = Debug|Any CPU
		{0C6FB8B5-79D7-4025-8437-72CEDD3FC298}.Debug|Any CPU.Build.0 = Debug|Any CPU
		{0C6FB8B5-79D7-4025-8437-72CEDD3FC298}.Debug|x64.ActiveCfg = Debug|Any CPU
		{0C6FB8B5-79D7-4025-8437-72CEDD3FC298}.Debug|x64.Build.0 = Debug|Any CPU
		{0C6FB8B5-79D7-4025-8437-72CEDD3FC298}.Debug|x86.ActiveCfg = Debug|Any CPU
		{0C6FB8B5-79D7-4025-8437-72CEDD3FC298}.Debug|x86.Build.0 = Debug|Any CPU
		{0C6FB8B5-79D7-4025-8437-72CEDD3FC298}.Release|Any CPU.ActiveCfg = Release|Any CPU
		{0C6FB8B5-79D7-4025-8437-72CEDD3FC298}.Release|Any CPU.Build.0 = Release|Any CPU
		{0C6FB8B5-79D7-4025-8437-72CEDD3FC298}.Release|x64.ActiveCfg = Release|Any CPU
		{0C6FB8B5-79D7-4025-8437-72CEDD3FC298}.Release|x64.Build.0 = Release|Any CPU
		{0C6FB8B5-79D7-4025-8437-72CEDD3FC298}.Release|x86.ActiveCfg = Release|Any CPU
		{0C6FB8B5-79D7-4025-8437-72CEDD3FC298}.Release|x86.Build.0 = Release|Any CPU
		{186FAC6C-84CD-4136-BF39-F9471863D551}.Debug|Any CPU.ActiveCfg = Debug|Any CPU
		{186FAC6C-84CD-4136-BF39-F9471863D551}.Debug|Any CPU.Build.0 = Debug|Any CPU
		{186FAC6C-84CD-4136-BF39-F9471863D551}.Debug|x64.ActiveCfg = Debug|Any CPU
		{186FAC6C-84CD-4136-BF39-F9471863D551}.Debug|x64.Build.0 = Debug|Any CPU
		{186FAC6C-84CD-4136-BF39-F9471863D551}.Debug|x86.ActiveCfg = Debug|Any CPU
		{186FAC6C-84CD-4136-BF39-F9471863D551}.Debug|x86.Build.0 = Debug|Any CPU
		{186FAC6C-84CD-4136-BF39-F9471863D551}.Release|Any CPU.ActiveCfg = Release|Any CPU
		{186FAC6C-84CD-4136-BF39-F9471863D551}.Release|Any CPU.Build.0 = Release|Any CPU
		{186FAC6C-84CD-4136-BF39-F9471863D551}.Release|x64.ActiveCfg = Release|Any CPU
		{186FAC6C-84CD-4136-BF39-F9471863D551}.Release|x64.Build.0 = Release|Any CPU
		{186FAC6C-84CD-4136-BF39-F9471863D551}.Release|x86.ActiveCfg = Release|Any CPU
		{186FAC6C-84CD-4136-BF39-F9471863D551}.Release|x86.Build.0 = Release|Any CPU
		{9BAF42EF-7F26-45DF-B9AF-C61A1E31DE6B}.Debug|Any CPU.ActiveCfg = Debug|Any CPU
		{9BAF42EF-7F26-45DF-B9AF-C61A1E31DE6B}.Debug|Any CPU.Build.0 = Debug|Any CPU
		{9BAF42EF-7F26-45DF-B9AF-C61A1E31DE6B}.Debug|x64.ActiveCfg = Debug|Any CPU
		{9BAF42EF-7F26-45DF-B9AF-C61A1E31DE6B}.Debug|x64.Build.0 = Debug|Any CPU
		{9BAF42EF-7F26-45DF-B9AF-C61A1E31DE6B}.Debug|x86.ActiveCfg = Debug|Any CPU
		{9BAF42EF-7F26-45DF-B9AF-C61A1E31DE6B}.Debug|x86.Build.0 = Debug|Any CPU
		{9BAF42EF-7F26-45DF-B9AF-C61A1E31DE6B}.Release|Any CPU.ActiveCfg = Release|Any CPU
		{9BAF42EF-7F26-45DF-B9AF-C61A1E31DE6B}.Release|Any CPU.Build.0 = Release|Any CPU
		{9BAF42EF-7F26-45DF-B9AF-C61A1E31DE6B}.Release|x64.ActiveCfg = Release|Any CPU
		{9BAF42EF-7F26-45DF-B9AF-C61A1E31DE6B}.Release|x64.Build.0 = Release|Any CPU
		{9BAF42EF-7F26-45DF-B9AF-C61A1E31DE6B}.Release|x86.ActiveCfg = Release|Any CPU
		{9BAF42EF-7F26-45DF-B9AF-C61A1E31DE6B}.Release|x86.Build.0 = Release|Any CPU
	EndGlobalSection
	GlobalSection(SolutionProperties) = preSolution
		HideSolutionNode = FALSE
	EndGlobalSection
	GlobalSection(NestedProjects) = preSolution
		{64873E62-AB8F-49EE-8A92-16A7B3F5DC04} = {827E0CD3-B72D-47B6-A68D-7590B98EB39B}
		{DEF8884C-0D72-473F-9EA0-74184FF411C8} = {827E0CD3-B72D-47B6-A68D-7590B98EB39B}
		{89AF21A7-8609-4ED6-BD97-8CC2DC59E56B} = {827E0CD3-B72D-47B6-A68D-7590B98EB39B}
		{07A19451-75C4-4C78-A858-79C809384F14} = {827E0CD3-B72D-47B6-A68D-7590B98EB39B}
		{0C6FB8B5-79D7-4025-8437-72CEDD3FC298} = {0C88DD14-F956-CE84-757C-A364CCF449FC}
		{186FAC6C-84CD-4136-BF39-F9471863D551} = {0C88DD14-F956-CE84-757C-A364CCF449FC}
		{9BAF42EF-7F26-45DF-B9AF-C61A1E31DE6B} = {0C88DD14-F956-CE84-757C-A364CCF449FC}
	EndGlobalSection
EndGlobal
